
Microsoft Visual Studio Solution File, Format Version 12.00
# Visual Studio Version 16
VisualStudioVersion = 16.0.31702.278
MinimumVisualStudioVersion = 10.0.40219.1
Project("{FAE04EC0-301F-11D3-BF4B-00C04F79EFBC}") = "PickRandomCards", "PickRandomCards\PickRandomCards.csproj", "{0478BBD7-19D6-42A6-B27C-E330CB57EFD4}"
EndProject
Global
	GlobalSection(SolutionConfigurationPlatforms) = preSolution
		Debug|Any CPU = Debug|Any CPU
		Release|Any CPU = Release|Any CPU
	EndGlobalSection
	GlobalSection(ProjectConfigurationPlatforms) = postSolution
		{0478BBD7-19D6-42A6-B27C-E330CB57EFD4}.Debug|Any CPU.ActiveCfg = Debug|Any CPU
		{0478BBD7-19D6-42A6-B27C-E330CB57EFD4}.Debug|Any CPU.Build.0 = Debug|Any CPU
		{0478BBD7-19D6-42A6-B27C-E330CB57EFD4}.Release|Any CPU.ActiveCfg = Release|Any CPU
		{0478BBD7-19D6-42A6-B27C-E330CB57EFD4}.Release|Any CPU.Build.0 = Release|Any CPU
	EndGlobalSection
	GlobalSection(SolutionProperties) = preSolution
		HideSolutionNode = FALSE
	EndGlobalSection
	GlobalSection(ExtensibilityGlobals) = postSolution
		SolutionGuid = {BBB33B94-5207-4DC7-86A4-D3E884EA853C}
	EndGlobalSection
EndGlobal
